Microsoft Visual Studio Solution File, Format Version 12.00
# Visual Studio Version 17
VisualStudioVersion = 17.5.2.0
MinimumVisualStudioVersion = 10.0.40219.1
Project("{FAE04EC0-301F-11D3-BF4B-00C04F79EFBC}") = "kpi.API", "kpi-api\kpi.API.csproj", "{2BFA8269-77AB-2237-10DB-BF1461684C13}"
EndProject
Project("{FAE04EC0-301F-11D3-BF4B-00C04F79EFBC}") = "kpi.BLL", "kpi.BLL\kpi.BLL.csproj", "{631B5F8F-21C8-8D8C-2639-63C6BA847202}"
EndProject
Global
	GlobalSection(SolutionConfigurationPlatforms) = preSolution
		Debug|Any CPU = Debug|Any CPU
		Release|Any CPU = Release|Any CPU
	EndGlobalSection
	GlobalSection(ProjectConfigurationPlatforms) = postSolution
		{2BFA8269-77AB-2237-10DB-BF1461684C13}.Debug|Any CPU.ActiveCfg = Debug|Any CPU
		{2BFA8269-77AB-2237-10DB-BF1461684C13}.Debug|Any CPU.Build.0 = Debug|Any CPU
		{2BFA8269-77AB-2237-10DB-BF1461684C13}.Release|Any CPU.ActiveCfg = Release|Any CPU
		{2BFA8269-77AB-2237-10DB-BF1461684C13}.Release|Any CPU.Build.0 = Release|Any CPU
		{631B5F8F-21C8-8D8C-2639-63C6BA847202}.Debug|Any CPU.ActiveCfg = Debug|Any CPU
		{631B5F8F-21C8-8D8C-2639-63C6BA847202}.Debug|Any CPU.Build.0 = Debug|Any CPU
		{631B5F8F-21C8-8D8C-2639-63C6BA847202}.Release|Any CPU.ActiveCfg = Release|Any CPU
		{631B5F8F-21C8-8D8C-2639-63C6BA847202}.Release|Any CPU.Build.0 = Release|Any CPU
	EndGlobalSection
	GlobalSection(SolutionProperties) = preSolution
		HideSolutionNode = FALSE
	EndGlobalSection
	GlobalSection(ExtensibilityGlobals) = postSolution
		SolutionGuid = {376BD956-887C-4866-A289-5A1510FE1D90}
	EndGlobalSection
EndGlobal
